
Microsoft Visual Studio Solution File, Format Version 12.00
# Visual Studio Version 16
VisualStudioVersion = 16.0.29613.14
MinimumVisualStudioVersion = 10.0.40219.1
Project("{9A19103F-16F7-4668-BE54-9A1E7A4F7556}") = "PikaPika", "PikaPika\PikaPika.csproj", "{6FF13ECD-57D6-4479-BC1F-32C0890B82A3}"
EndProject
Project("{FAE04EC0-301F-11D3-BF4B-00C04F79EFBC}") = "PikaPika.DL", "PikaPika.DL\PikaPika.DL.csproj", "{782C9C2F-C113-46B4-827D-E9CBA2B3160A}"
EndProject
Project("{FAE04EC0-301F-11D3-BF4B-00C04F79EFBC}") = "PikaPika.Models", "PikaPika.Models\PikaPika.Models.csproj", "{49CBF6C1-600B-4EDD-8D5F-655FD545A25A}"
EndProject
Global
	GlobalSection(SolutionConfigurationPlatforms) = preSolution
		Debug|Any CPU = Debug|Any CPU
		Release|Any CPU = Release|Any CPU
	EndGlobalSection
	GlobalSection(ProjectConfigurationPlatforms) = postSolution
		{6FF13ECD-57D6-4479-BC1F-32C0890B82A3}.Debug|Any CPU.ActiveCfg = Debug|Any CPU
		{6FF13ECD-57D6-4479-BC1F-32C0890B82A3}.Debug|Any CPU.Build.0 = Debug|Any CPU
		{6FF13ECD-57D6-4479-BC1F-32C0890B82A3}.Release|Any CPU.ActiveCfg = Release|Any CPU
		{6FF13ECD-57D6-4479-BC1F-32C0890B82A3}.Release|Any CPU.Build.0 = Release|Any CPU
		{782C9C2F-C113-46B4-827D-E9CBA2B3160A}.Debug|Any CPU.ActiveCfg = Debug|Any CPU
		{782C9C2F-C113-46B4-827D-E9CBA2B3160A}.Debug|Any CPU.Build.0 = Debug|Any CPU
		{782C9C2F-C113-46B4-827D-E9CBA2B3160A}.Release|Any CPU.ActiveCfg = Release|Any CPU
		{782C9C2F-C113-46B4-827D-E9CBA2B3160A}.Release|Any CPU.Build.0 = Release|Any CPU
		{49CBF6C1-600B-4EDD-8D5F-655FD545A25A}.Debug|Any CPU.ActiveCfg = Debug|Any CPU
		{49CBF6C1-600B-4EDD-8D5F-655FD545A25A}.Debug|Any CPU.Build.0 = Debug|Any CPU
		{49CBF6C1-600B-4EDD-8D5F-655FD545A25A}.Release|Any CPU.ActiveCfg = Release|Any CPU
		{49CBF6C1-600B-4EDD-8D5F-655FD545A25A}.Release|Any CPU.Build.0 = Release|Any CPU
	EndGlobalSection
	GlobalSection(SolutionProperties) = preSolution
		HideSolutionNode = FALSE
	EndGlobalSection
	GlobalSection(ExtensibilityGlobals) = postSolution
		SolutionGuid = {57F3C1A0-2CB4-4FB7-84D4-FBE4D83F54DA}
	EndGlobalSection
EndGlobal
